
Microsoft Visual Studio Solution File, Format Version 12.00
# Visual Studio 15
VisualStudioVersion = 15.0.26923.0
MinimumVisualStudioVersion = 10.0.40219.1
Project("{8BC9CEB8-8B4A-11D0-8D11-00A0C91BC942}") = "utilities", "..\utilities\visual_studio\utilities\utilities.vcxproj", "{67D98B39-8333-48E1-AC58-0B1FB33FBF91}"
EndProject
Project("{8BC9CEB8-8B4A-11D0-8D11-00A0C91BC942}") = "test", "test\test.vcxproj", "{489EC7C8-84C0-4A17-9E1F-987234ACF49C}"
EndProject
Project("{8BC9CEB8-8B4A-11D0-8D11-00A0C91BC942}") = "fc", "..\fc\visual_studio\fc\fc.vcxproj", "{47EA8D6E-9935-41C7-AD66-BDB1BC2BECB5}"
EndProject
Project("{8BC9CEB8-8B4A-11D0-8D11-00A0C91BC942}") = "types", "..\types\visual_studio\types\types.vcxproj", "{B85D3065-DAB5-47A7-88A6-0F40952DE1B0}"
EndProject
Project("{8BC9CEB8-8B4A-11D0-8D11-00A0C91BC942}") = "eosc_helper", "eosc_helper\eosc_helper.vcxproj", "{F3E19C76-2DF3-49BC-BBD2-2C14F1762971}"
EndProject
Global
	GlobalSection(SolutionConfigurationPlatforms) = preSolution
		Debug|x64 = Debug|x64
		Debug|x86 = Debug|x86
		Release|x64 = Release|x64
		Release|x86 = Release|x86
	EndGlobalSection
	GlobalSection(ProjectConfigurationPlatforms) = postSolution
		{67D98B39-8333-48E1-AC58-0B1FB33FBF91}.Debug|x64.ActiveCfg = Debug|x64
		{67D98B39-8333-48E1-AC58-0B1FB33FBF91}.Debug|x64.Build.0 = Debug|x64
		{67D98B39-8333-48E1-AC58-0B1FB33FBF91}.Debug|x86.ActiveCfg = Debug|Win32
		{67D98B39-8333-48E1-AC58-0B1FB33FBF91}.Debug|x86.Build.0 = Debug|Win32
		{67D98B39-8333-48E1-AC58-0B1FB33FBF91}.Release|x64.ActiveCfg = Release|x64
		{67D98B39-8333-48E1-AC58-0B1FB33FBF91}.Release|x64.Build.0 = Release|x64
		{67D98B39-8333-48E1-AC58-0B1FB33FBF91}.Release|x86.ActiveCfg = Release|Win32
		{67D98B39-8333-48E1-AC58-0B1FB33FBF91}.Release|x86.Build.0 = Release|Win32
		{489EC7C8-84C0-4A17-9E1F-987234ACF49C}.Debug|x64.ActiveCfg = Debug|x64
		{489EC7C8-84C0-4A17-9E1F-987234ACF49C}.Debug|x64.Build.0 = Debug|x64
		{489EC7C8-84C0-4A17-9E1F-987234ACF49C}.Debug|x86.ActiveCfg = Debug|Win32
		{489EC7C8-84C0-4A17-9E1F-987234ACF49C}.Debug|x86.Build.0 = Debug|Win32
		{489EC7C8-84C0-4A17-9E1F-987234ACF49C}.Release|x64.ActiveCfg = Release|x64
		{489EC7C8-84C0-4A17-9E1F-987234ACF49C}.Release|x64.Build.0 = Release|x64
		{489EC7C8-84C0-4A17-9E1F-987234ACF49C}.Release|x86.ActiveCfg = Release|Win32
		{489EC7C8-84C0-4A17-9E1F-987234ACF49C}.Release|x86.Build.0 = Release|Win32
		{47EA8D6E-9935-41C7-AD66-BDB1BC2BECB5}.Debug|x64.ActiveCfg = Debug|x64
		{47EA8D6E-9935-41C7-AD66-BDB1BC2BECB5}.Debug|x64.Build.0 = Debug|x64
		{47EA8D6E-9935-41C7-AD66-BDB1BC2BECB5}.Debug|x86.ActiveCfg = Debug|Win32
		{47EA8D6E-9935-41C7-AD66-BDB1BC2BECB5}.Debug|x86.Build.0 = Debug|Win32
		{47EA8D6E-9935-41C7-AD66-BDB1BC2BECB5}.Release|x64.ActiveCfg = Release|x64
		{47EA8D6E-9935-41C7-AD66-BDB1BC2BECB5}.Release|x64.Build.0 = Release|x64
		{47EA8D6E-9935-41C7-AD66-BDB1BC2BECB5}.Release|x86.ActiveCfg = Release|Win32
		{47EA8D6E-9935-41C7-AD66-BDB1BC2BECB5}.Release|x86.Build.0 = Release|Win32
		{B85D3065-DAB5-47A7-88A6-0F40952DE1B0}.Debug|x64.ActiveCfg = Debug|x64
		{B85D3065-DAB5-47A7-88A6-0F40952DE1B0}.Debug|x64.Build.0 = Debug|x64
		{B85D3065-DAB5-47A7-88A6-0F40952DE1B0}.Debug|x86.ActiveCfg = Debug|Win32
		{B85D3065-DAB5-47A7-88A6-0F40952DE1B0}.Debug|x86.Build.0 = Debug|Win32
		{B85D3065-DAB5-47A7-88A6-0F40952DE1B0}.Release|x64.ActiveCfg = Release|x64
		{B85D3065-DAB5-47A7-88A6-0F40952DE1B0}.Release|x64.Build.0 = Release|x64
		{B85D3065-DAB5-47A7-88A6-0F40952DE1B0}.Release|x86.ActiveCfg = Release|Win32
		{B85D3065-DAB5-47A7-88A6-0F40952DE1B0}.Release|x86.Build.0 = Release|Win32
		{F3E19C76-2DF3-49BC-BBD2-2C14F1762971}.Debug|x64.ActiveCfg = Debug|x64
		{F3E19C76-2DF3-49BC-BBD2-2C14F1762971}.Debug|x64.Build.0 = Debug|x64
		{F3E19C76-2DF3-49BC-BBD2-2C14F1762971}.Debug|x86.ActiveCfg = Debug|Win32
		{F3E19C76-2DF3-49BC-BBD2-2C14F1762971}.Debug|x86.Build.0 = Debug|Win32
		{F3E19C76-2DF3-49BC-BBD2-2C14F1762971}.Release|x64.ActiveCfg = Release|x64
		{F3E19C76-2DF3-49BC-BBD2-2C14F1762971}.Release|x64.Build.0 = Release|x64
		{F3E19C76-2DF3-49BC-BBD2-2C14F1762971}.Release|x86.ActiveCfg = Release|Win32
		{F3E19C76-2DF3-49BC-BBD2-2C14F1762971}.Release|x86.Build.0 = Release|Win32
	EndGlobalSection
	GlobalSection(SolutionProperties) = preSolution
		HideSolutionNode = FALSE
	EndGlobalSection
	GlobalSection(ExtensibilityGlobals) = postSolution
		SolutionGuid = {305727D7-716F-490C-A23D-FFB9C1042584}
	EndGlobalSection
EndGlobal
