
Microsoft Visual Studio Solution File, Format Version 12.00
# Visual Studio 15
VisualStudioVersion = 15.0.26923.0
MinimumVisualStudioVersion = 10.0.40219.1
Project("{8BC9CEB8-8B4A-11D0-8D11-00A0C91BC942}") = "teos", "teos\teos.vcxproj", "{343E87F5-D1B6-4E40-9BB3-74D1B5ED20DF}"
EndProject
Project("{8BC9CEB8-8B4A-11D0-8D11-00A0C91BC942}") = "teosLib", "teosLib\teosLib.vcxproj", "{D5357544-EA1B-4015-A104-6D9B87C156D6}"
EndProject
Project("{8BC9CEB8-8B4A-11D0-8D11-00A0C91BC942}") = "teos_lib_test", "teos_lib_test\teos_lib_test.vcxproj", "{9C4128C4-096C-40A2-AFDD-36BE58A7895C}"
EndProject
Global
	GlobalSection(SolutionConfigurationPlatforms) = preSolution
		Debug|x64 = Debug|x64
		Debug|x86 = Debug|x86
		Release|x64 = Release|x64
		Release|x86 = Release|x86
	EndGlobalSection
	GlobalSection(ProjectConfigurationPlatforms) = postSolution
		{343E87F5-D1B6-4E40-9BB3-74D1B5ED20DF}.Debug|x64.ActiveCfg = Debug|x64
		{343E87F5-D1B6-4E40-9BB3-74D1B5ED20DF}.Debug|x64.Build.0 = Debug|x64
		{343E87F5-D1B6-4E40-9BB3-74D1B5ED20DF}.Debug|x86.ActiveCfg = Debug|Win32
		{343E87F5-D1B6-4E40-9BB3-74D1B5ED20DF}.Debug|x86.Build.0 = Debug|Win32
		{343E87F5-D1B6-4E40-9BB3-74D1B5ED20DF}.Release|x64.ActiveCfg = Release|x64
		{343E87F5-D1B6-4E40-9BB3-74D1B5ED20DF}.Release|x64.Build.0 = Release|x64
		{343E87F5-D1B6-4E40-9BB3-74D1B5ED20DF}.Release|x86.ActiveCfg = Release|Win32
		{343E87F5-D1B6-4E40-9BB3-74D1B5ED20DF}.Release|x86.Build.0 = Release|Win32
		{D5357544-EA1B-4015-A104-6D9B87C156D6}.Debug|x64.ActiveCfg = Debug|x64
		{D5357544-EA1B-4015-A104-6D9B87C156D6}.Debug|x64.Build.0 = Debug|x64
		{D5357544-EA1B-4015-A104-6D9B87C156D6}.Debug|x86.ActiveCfg = Debug|Win32
		{D5357544-EA1B-4015-A104-6D9B87C156D6}.Debug|x86.Build.0 = Debug|Win32
		{D5357544-EA1B-4015-A104-6D9B87C156D6}.Release|x64.ActiveCfg = Release|x64
		{D5357544-EA1B-4015-A104-6D9B87C156D6}.Release|x64.Build.0 = Release|x64
		{D5357544-EA1B-4015-A104-6D9B87C156D6}.Release|x86.ActiveCfg = Release|Win32
		{D5357544-EA1B-4015-A104-6D9B87C156D6}.Release|x86.Build.0 = Release|Win32
		{9C4128C4-096C-40A2-AFDD-36BE58A7895C}.Debug|x64.ActiveCfg = Debug|x64
		{9C4128C4-096C-40A2-AFDD-36BE58A7895C}.Debug|x64.Build.0 = Debug|x64
		{9C4128C4-096C-40A2-AFDD-36BE58A7895C}.Debug|x86.ActiveCfg = Debug|Win32
		{9C4128C4-096C-40A2-AFDD-36BE58A7895C}.Debug|x86.Build.0 = Debug|Win32
		{9C4128C4-096C-40A2-AFDD-36BE58A7895C}.Release|x64.ActiveCfg = Release|x64
		{9C4128C4-096C-40A2-AFDD-36BE58A7895C}.Release|x64.Build.0 = Release|x64
		{9C4128C4-096C-40A2-AFDD-36BE58A7895C}.Release|x86.ActiveCfg = Release|Win32
		{9C4128C4-096C-40A2-AFDD-36BE58A7895C}.Release|x86.Build.0 = Release|Win32
	EndGlobalSection
	GlobalSection(SolutionProperties) = preSolution
		HideSolutionNode = FALSE
	EndGlobalSection
	GlobalSection(ExtensibilityGlobals) = postSolution
		SolutionGuid = {1AFF0487-8A16-49E4-9146-7B6289B23192}
	EndGlobalSection
EndGlobal
